// !$*UTF8*$!
{
	archiveVersion = 1;
	classes = {
	};
	objectVersion = 46;
	objects = {

/* Begin PBXBuildFile section */
		456E60331C47425E00F1ADD9 /* BasisCollectionViewController.h in Headers */ = {isa = PBXBuildFile; fileRef = 456E60311C47425E00F1ADD9 /* BasisCollectionViewController.h */; };
		456E60341C47425E00F1ADD9 /* BasisCollectionViewController.m in Sources */ = {isa = PBXBuildFile; fileRef = 456E60321C47425E00F1ADD9 /* BasisCollectionViewController.m */; };
		457187B21C3CA1D90016A819 /* libPods.a in Frameworks */ = {isa = PBXBuildFile; fileRef = 457187B11C3CA1D90016A819 /* libPods.a */; };
		4578C2451C3E08B700968548 /* DebugMode.h in Headers */ = {isa = PBXBuildFile; fileRef = 4578C2431C3E08B700968548 /* DebugMode.h */; settings = {ATTRIBUTES = (Public, ); }; };
		4578C2461C3E08B700968548 /* DebugMode.m in Sources */ = {isa = PBXBuildFile; fileRef = 4578C2441C3E08B700968548 /* DebugMode.m */; };
		4578C2481C3E094100968548 /* Builds.h in Headers */ = {isa = PBXBuildFile; fileRef = 4578C2471C3E093700968548 /* Builds.h */; settings = {ATTRIBUTES = (Public, ); }; };
		4578C2651C3E1AE200968548 /* Network.h in Headers */ = {isa = PBXBuildFile; fileRef = 4578C2631C3E1AE200968548 /* Network.h */; };
		4578C2661C3E1AE200968548 /* Network.m in Sources */ = {isa = PBXBuildFile; fileRef = 4578C2641C3E1AE200968548 /* Network.m */; };
		4578C2751C3E254D00968548 /* UIViewController+Builds.h in Headers */ = {isa = PBXBuildFile; fileRef = 4578C2731C3E254D00968548 /* UIViewController+Builds.h */; };
		4578C2761C3E254D00968548 /* UIViewController+Builds.m in Sources */ = {isa = PBXBuildFile; fileRef = 4578C2741C3E254D00968548 /* UIViewController+Builds.m */; };
		4578C28A1C3E337600968548 /* BasisTableViewController.h in Headers */ = {isa = PBXBuildFile; fileRef = 4578C2881C3E337600968548 /* BasisTableViewController.h */; };
		4578C28B1C3E337600968548 /* BasisTableViewController.m in Sources */ = {isa = PBXBuildFile; fileRef = 4578C2891C3E337600968548 /* BasisTableViewController.m */; };
		4578C28E1C3E338200968548 /* BasisViewController.h in Headers */ = {isa = PBXBuildFile; fileRef = 4578C28C1C3E338200968548 /* BasisViewController.h */; };
		4578C28F1C3E338200968548 /* BasisViewController.m in Sources */ = {isa = PBXBuildFile; fileRef = 4578C28D1C3E338200968548 /* BasisViewController.m */; };
		458028021C3F44A8001F00A9 /* BasisRequest.h in Headers */ = {isa = PBXBuildFile; fileRef = 458028001C3F44A8001F00A9 /* BasisRequest.h */; };
		458028031C3F44A8001F00A9 /* BasisRequest.m in Sources */ = {isa = PBXBuildFile; fileRef = 458028011C3F44A8001F00A9 /* BasisRequest.m */; };
/* End PBXBuildFile section */

/* Begin PBXFileReference section */
		451D6FE91C3BCD9C0044BAEF /* libBuilds.a */ = {isa = PBXFileReference; explicitFileType = archive.ar; includeInIndex = 0; path = libBuilds.a; sourceTree = BUILT_PRODUCTS_DIR; };
		456E60311C47425E00F1ADD9 /* BasisCollectionViewController.h */ = {isa = PBXFileReference; fileEncoding = 4; lastKnownFileType = sourcecode.c.h; path = BasisCollectionViewController.h; sourceTree = "<group>"; };
		456E60321C47425E00F1ADD9 /* BasisCollectionViewController.m */ = {isa = PBXFileReference; fileEncoding = 4; lastKnownFileType = sourcecode.c.objc; path = BasisCollectionViewController.m; sourceTree = "<group>"; };
		457187B11C3CA1D90016A819 /* libPods.a */ = {isa = PBXFileReference; lastKnownFileType = archive.ar; name = libPods.a; path = "/Users/pfei_he/Desktop/Project-ObjC/Pods/../build/Debug-iphoneos/libPods.a"; sourceTree = "<absolute>"; };
		4578C2431C3E08B700968548 /* DebugMode.h */ = {isa = PBXFileReference; fileEncoding = 4; lastKnownFileType = sourcecode.c.h; path = DebugMode.h; sourceTree = "<group>"; };
		4578C2441C3E08B700968548 /* DebugMode.m */ = {isa = PBXFileReference; fileEncoding = 4; lastKnownFileType = sourcecode.c.objc; path = DebugMode.m; sourceTree = "<group>"; };
		4578C2471C3E093700968548 /* Builds.h */ = {isa = PBXFileReference; lastKnownFileType = sourcecode.c.h; name = Builds.h; path = Framework/Builds.h; sourceTree = "<group>"; };
		4578C2631C3E1AE200968548 /* Network.h */ = {isa = PBXFileReference; fileEncoding = 4; lastKnownFileType = sourcecode.c.h; path = Network.h; sourceTree = "<group>"; };
		4578C2641C3E1AE200968548 /* Network.m */ = {isa = PBXFileReference; fileEncoding = 4; lastKnownFileType = sourcecode.c.objc; path = Network.m; sourceTree = "<group>"; };
		4578C2731C3E254D00968548 /* UIViewController+Builds.h */ = {isa = PBXFileReference; fileEncoding = 4; lastKnownFileType = sourcecode.c.h; path = "UIViewController+Builds.h"; sourceTree = "<group>"; };
		4578C2741C3E254D00968548 /* UIViewController+Builds.m */ = {isa = PBXFileReference; fileEncoding = 4; lastKnownFileType = sourcecode.c.objc; path = "UIViewController+Builds.m"; sourceTree = "<group>"; };
		4578C2881C3E337600968548 /* BasisTableViewController.h */ = {isa = PBXFileReference; fileEncoding = 4; lastKnownFileType = sourcecode.c.h; path = BasisTableViewController.h; sourceTree = "<group>"; };
		4578C2891C3E337600968548 /* BasisTableViewController.m */ = {isa = PBXFileReference; fileEncoding = 4; lastKnownFileType = sourcecode.c.objc; path = BasisTableViewController.m; sourceTree = "<group>"; };
		4578C28C1C3E338200968548 /* BasisViewController.h */ = {isa = PBXFileReference; fileEncoding = 4; lastKnownFileType = sourcecode.c.h; path = BasisViewController.h; sourceTree = "<group>"; };
		4578C28D1C3E338200968548 /* BasisViewController.m */ = {isa = PBXFileReference; fileEncoding = 4; lastKnownFileType = sourcecode.c.objc; path = BasisViewController.m; sourceTree = "<group>"; };
		458028001C3F44A8001F00A9 /* BasisRequest.h */ = {isa = PBXFileReference; fileEncoding = 4; lastKnownFileType = sourcecode.c.h; path = BasisRequest.h; sourceTree = "<group>"; };
		458028011C3F44A8001F00A9 /* BasisRequest.m */ = {isa = PBXFileReference; fileEncoding = 4; lastKnownFileType = sourcecode.c.objc; path = BasisRequest.m; sourceTree = "<group>"; };
/* End PBXFileReference section */

/* Begin PBXFrameworksBuildPhase section */
		451D6FE61C3BCD9C0044BAEF /* Frameworks */ = {
			isa = PBXFrameworksBuildPhase;
			buildActionMask = 2147483647;
			files = (
				457187B21C3CA1D90016A819 /* libPods.a in Frameworks */,
			);
			runOnlyForDeploymentPostprocessing = 0;
		};
/* End PBXFrameworksBuildPhase section */

/* Begin PBXGroup section */
		451D6FE01C3BCD9C0044BAEF = {
			isa = PBXGroup;
			children = (
				457188261C3CB3340016A819 /* Builds */,
				451D6FF91C3BCDD70044BAEF /* Frameworks */,
				451D6FEA1C3BCD9C0044BAEF /* Products */,
				451D70181C3BCE8E0044BAEF /* Targets Support Files */,
			);
			sourceTree = "<group>";
		};
		451D6FEA1C3BCD9C0044BAEF /* Products */ = {
			isa = PBXGroup;
			children = (
				451D6FE91C3BCD9C0044BAEF /* libBuilds.a */,
			);
			name = Products;
			sourceTree = "<group>";
		};
		451D6FF91C3BCDD70044BAEF /* Frameworks */ = {
			isa = PBXGroup;
			children = (
				457187B11C3CA1D90016A819 /* libPods.a */,
			);
			name = Frameworks;
			sourceTree = "<group>";
		};
		451D70181C3BCE8E0044BAEF /* Targets Support Files */ = {
			isa = PBXGroup;
			children = (
			);
			path = "Targets Support Files";
			sourceTree = "<group>";
		};
		457188261C3CB3340016A819 /* Builds */ = {
			isa = PBXGroup;
			children = (
				4578C2471C3E093700968548 /* Builds.h */,
				4578C2421C3E08B700968548 /* Debug */,
				457188281C3CB34F0016A819 /* Model */,
				4571882E1C3CB34F0016A819 /* View */,
				4571882F1C3CB34F0016A819 /* ViewModel */,
			);
			name = Builds;
			sourceTree = "<group>";
		};
		457188281C3CB34F0016A819 /* Model */ = {
			isa = PBXGroup;
			children = (
				458028001C3F44A8001F00A9 /* BasisRequest.h */,
				458028011C3F44A8001F00A9 /* BasisRequest.m */,
				4578C2631C3E1AE200968548 /* Network.h */,
				4578C2641C3E1AE200968548 /* Network.m */,
			);
			name = Model;
			path = Framework/Model;
			sourceTree = "<group>";
		};
		4571882E1C3CB34F0016A819 /* View */ = {
			isa = PBXGroup;
			children = (
			);
			name = View;
			path = Framework/View;
			sourceTree = "<group>";
		};
		4571882F1C3CB34F0016A819 /* ViewModel */ = {
			isa = PBXGroup;
			children = (
				456E60311C47425E00F1ADD9 /* BasisCollectionViewController.h */,
				456E60321C47425E00F1ADD9 /* BasisCollectionViewController.m */,
				4578C2881C3E337600968548 /* BasisTableViewController.h */,
				4578C2891C3E337600968548 /* BasisTableViewController.m */,
				4578C28C1C3E338200968548 /* BasisViewController.h */,
				4578C28D1C3E338200968548 /* BasisViewController.m */,
				457188301C3CB34F0016A819 /* Catagory */,
			);
			name = ViewModel;
			path = Framework/ViewModel;
			sourceTree = "<group>";
		};
		457188301C3CB34F0016A819 /* Catagory */ = {
			isa = PBXGroup;
			children = (
				4578C2731C3E254D00968548 /* UIViewController+Builds.h */,
				4578C2741C3E254D00968548 /* UIViewController+Builds.m */,
			);
			path = Catagory;
			sourceTree = "<group>";
		};
		4578C2421C3E08B700968548 /* Debug */ = {
			isa = PBXGroup;
			children = (
				4578C2431C3E08B700968548 /* DebugMode.h */,
				4578C2441C3E08B700968548 /* DebugMode.m */,
			);
			name = Debug;
			path = Framework/Debug;
			sourceTree = "<group>";
		};
/* End PBXGroup section */

/* Begin PBXHeadersBuildPhase section */
		4571881B1C3CAD270016A819 /* Headers */ = {
			isa = PBXHeadersBuildPhase;
			buildActionMask = 2147483647;
			files = (
				4578C2481C3E094100968548 /* Builds.h in Headers */,
				4578C28A1C3E337600968548 /* BasisTableViewController.h in Headers */,
				456E60331C47425E00F1ADD9 /* BasisCollectionViewController.h in Headers */,
				4578C2651C3E1AE200968548 /* Network.h in Headers */,
				4578C2751C3E254D00968548 /* UIViewController+Builds.h in Headers */,
				4578C28E1C3E338200968548 /* BasisViewController.h in Headers */,
				4578C2451C3E08B700968548 /* DebugMode.h in Headers */,
				458028021C3F44A8001F00A9 /* BasisRequest.h in Headers */,
			);
			runOnlyForDeploymentPostprocessing = 0;
		};
/* End PBXHeadersBuildPhase section */

/* Begin PBXNativeTarget section */
		451D6FE81C3BCD9C0044BAEF /* Builds */ = {
			isa = PBXNativeTarget;
			buildConfigurationList = 451D6FF21C3BCD9C0044BAEF /* Build configuration list for PBXNativeTarget "Builds" */;
			buildPhases = (
				451D6FE51C3BCD9C0044BAEF /* Sources */,
				451D6FE61C3BCD9C0044BAEF /* Frameworks */,
				4571881B1C3CAD270016A819 /* Headers */,
			);
			buildRules = (
			);
			dependencies = (
			);
			name = Builds;
			productName = Builds;
			productReference = 451D6FE91C3BCD9C0044BAEF /* libBuilds.a */;
			productType = "com.apple.product-type.library.static";
		};
/* End PBXNativeTarget section */

/* Begin PBXProject section */
		451D6FE11C3BCD9C0044BAEF /* Project object */ = {
			isa = PBXProject;
			attributes = {
				LastUpgradeCheck = 0710;
				ORGANIZATIONNAME = "PF-Lib";
				TargetAttributes = {
					451D6FE81C3BCD9C0044BAEF = {
						CreatedOnToolsVersion = 7.1;
					};
				};
			};
			buildConfigurationList = 451D6FE41C3BCD9C0044BAEF /* Build configuration list for PBXProject "Builds" */;
			compatibilityVersion = "Xcode 3.2";
			developmentRegion = English;
			hasScannedForEncodings = 0;
			knownRegions = (
				en,
			);
			mainGroup = 451D6FE01C3BCD9C0044BAEF;
			productRefGroup = 451D6FEA1C3BCD9C0044BAEF /* Products */;
			projectDirPath = "";
			projectRoot = "";
			targets = (
				451D6FE81C3BCD9C0044BAEF /* Builds */,
			);
		};
/* End PBXProject section */

/* Begin PBXSourcesBuildPhase section */
		451D6FE51C3BCD9C0044BAEF /* Sources */ = {
			isa = PBXSourcesBuildPhase;
			buildActionMask = 2147483647;
			files = (
				4578C2461C3E08B700968548 /* DebugMode.m in Sources */,
				456E60341C47425E00F1ADD9 /* BasisCollectionViewController.m in Sources */,
				458028031C3F44A8001F00A9 /* BasisRequest.m in Sources */,
				4578C28F1C3E338200968548 /* BasisViewController.m in Sources */,
				4578C28B1C3E337600968548 /* BasisTableViewController.m in Sources */,
				4578C2761C3E254D00968548 /* UIViewController+Builds.m in Sources */,
				4578C2661C3E1AE200968548 /* Network.m in Sources */,
			);
			runOnlyForDeploymentPostprocessing = 0;
		};
/* End PBXSourcesBuildPhase section */

/* Begin XCBuildConfiguration section */
		451D6FF01C3BCD9C0044BAEF /* Debug */ = {
			isa = XCBuildConfiguration;
			buildSettings = {
				ALWAYS_SEARCH_USER_PATHS = NO;
				CLANG_CXX_LANGUAGE_STANDARD = "gnu++0x";
				CLANG_CXX_LIBRARY = "libc++";
				CLANG_ENABLE_MODULES = YES;
				CLANG_ENABLE_OBJC_ARC = YES;
				CLANG_WARN_BOOL_CONVERSION = YES;
				CLANG_WARN_CONSTANT_CONVERSION = YES;
				CLANG_WARN_DIRECT_OBJC_ISA_USAGE = YES_ERROR;
				CLANG_WARN_EMPTY_BODY = YES;
				CLANG_WARN_ENUM_CONVERSION = YES;
				CLANG_WARN_INT_CONVERSION = YES;
				CLANG_WARN_OBJC_ROOT_CLASS = YES_ERROR;
				CLANG_WARN_UNREACHABLE_CODE = YES;
				CLANG_WARN__DUPLICATE_METHOD_MATCH = YES;
				"CODE_SIGN_IDENTITY[sdk=iphoneos*]" = "iPhone Developer";
				COPY_PHASE_STRIP = NO;
				DEBUG_INFORMATION_FORMAT = dwarf;
				ENABLE_STRICT_OBJC_MSGSEND = YES;
				ENABLE_TESTABILITY = YES;
				GCC_C_LANGUAGE_STANDARD = gnu99;
				GCC_DYNAMIC_NO_PIC = NO;
				GCC_NO_COMMON_BLOCKS = YES;
				GCC_OPTIMIZATION_LEVEL = 0;
				GCC_PREPROCESSOR_DEFINITIONS = (
					"DEBUG=1",
					"$(inherited)",
				);
				GCC_WARN_64_TO_32_BIT_CONVERSION = YES;
				GCC_WARN_ABOUT_RETURN_TYPE = YES_ERROR;
				GCC_WARN_UNDECLARED_SELECTOR = YES;
				GCC_WARN_UNINITIALIZED_AUTOS = YES_AGGRESSIVE;
				GCC_WARN_UNUSED_FUNCTION = YES;
				GCC_WARN_UNUSED_VARIABLE = YES;
				IPHONEOS_DEPLOYMENT_TARGET = 7.0;
				MTL_ENABLE_DEBUG_INFO = YES;
				ONLY_ACTIVE_ARCH = YES;
				SDKROOT = iphoneos;
			};
			name = Debug;
		};
		451D6FF11C3BCD9C0044BAEF /* Release */ = {
			isa = XCBuildConfiguration;
			buildSettings = {
				ALWAYS_SEARCH_USER_PATHS = NO;
				CLANG_CXX_LANGUAGE_STANDARD = "gnu++0x";
				CLANG_CXX_LIBRARY = "libc++";
				CLANG_ENABLE_MODULES = YES;
				CLANG_ENABLE_OBJC_ARC = YES;
				CLANG_WARN_BOOL_CONVERSION = YES;
				CLANG_WARN_CONSTANT_CONVERSION = YES;
				CLANG_WARN_DIRECT_OBJC_ISA_USAGE = YES_ERROR;
				CLANG_WARN_EMPTY_BODY = YES;
				CLANG_WARN_ENUM_CONVERSION = YES;
				CLANG_WARN_INT_CONVERSION = YES;
				CLANG_WARN_OBJC_ROOT_CLASS = YES_ERROR;
				CLANG_WARN_UNREACHABLE_CODE = YES;
				CLANG_WARN__DUPLICATE_METHOD_MATCH = YES;
				"CODE_SIGN_IDENTITY[sdk=iphoneos*]" = "iPhone Developer";
				COPY_PHASE_STRIP = NO;
				DEBUG_INFORMATION_FORMAT = "dwarf-with-dsym";
				ENABLE_NS_ASSERTIONS = NO;
				ENABLE_STRICT_OBJC_MSGSEND = YES;
				GCC_C_LANGUAGE_STANDARD = gnu99;
				GCC_NO_COMMON_BLOCKS = YES;
				GCC_WARN_64_TO_32_BIT_CONVERSION = YES;
				GCC_WARN_ABOUT_RETURN_TYPE = YES_ERROR;
				GCC_WARN_UNDECLARED_SELECTOR = YES;
				GCC_WARN_UNINITIALIZED_AUTOS = YES_AGGRESSIVE;
				GCC_WARN_UNUSED_FUNCTION = YES;
				GCC_WARN_UNUSED_VARIABLE = YES;
				IPHONEOS_DEPLOYMENT_TARGET = 7.0;
				MTL_ENABLE_DEBUG_INFO = NO;
				SDKROOT = iphoneos;
				VALIDATE_PRODUCT = YES;
			};
			name = Release;
		};
		451D6FF31C3BCD9C0044BAEF /* Debug */ = {
			isa = XCBuildConfiguration;
			buildSettings = {
				HEADER_SEARCH_PATHS = (
					"$(inherited)",
					"\"${PODS_ROOT}/Headers/Public\"",
					"\"${PODS_ROOT}/Headers/Public/AFNetworking\"",
					"\"${PODS_ROOT}/Headers/Public/PFObjC\"",
					"\"${PODS_ROOT}/Headers/Public/SVProgressHUD\"",
				);
				OTHER_LDFLAGS = "-ObjC";
				PODS_ROOT = "${SRCROOT}/../Pods";
				PRODUCT_NAME = "$(TARGET_NAME)";
				SKIP_INSTALL = YES;
			};
			name = Debug;
		};
		451D6FF41C3BCD9C0044BAEF /* Release */ = {
			isa = XCBuildConfiguration;
			buildSettings = {
				HEADER_SEARCH_PATHS = (
					"$(inherited)",
					"\"${PODS_ROOT}/Headers/Public\"",
					"\"${PODS_ROOT}/Headers/Public/AFNetworking\"",
					"\"${PODS_ROOT}/Headers/Public/PFObjC\"",
					"\"${PODS_ROOT}/Headers/Public/SVProgressHUD\"",
				);
				OTHER_LDFLAGS = "-ObjC";
				PODS_ROOT = "${SRCROOT}/../Pods";
				PRODUCT_NAME = "$(TARGET_NAME)";
				SKIP_INSTALL = YES;
			};
			name = Release;
		};
/* End XCBuildConfiguration section */

/* Begin XCConfigurationList section */
		451D6FE41C3BCD9C0044BAEF /* Build configuration list for PBXProject "Builds" */ = {
			isa = XCConfigurationList;
			buildConfigurations = (
				451D6FF01C3BCD9C0044BAEF /* Debug */,
				451D6FF11C3BCD9C0044BAEF /* Release */,
			);
			defaultConfigurationIsVisible = 0;
			defaultConfigurationName = Release;
		};
		451D6FF21C3BCD9C0044BAEF /* Build configuration list for PBXNativeTarget "Builds" */ = {
			isa = XCConfigurationList;
			buildConfigurations = (
				451D6FF31C3BCD9C0044BAEF /* Debug */,
				451D6FF41C3BCD9C0044BAEF /* Release */,
			);
			defaultConfigurationIsVisible = 0;
			defaultConfigurationName = Release;
		};
/* End XCConfigurationList section */
	};
	rootObject = 451D6FE11C3BCD9C0044BAEF /* Project object */;
}
