// !$*UTF8*$!
{
	archiveVersion = 1;
	classes = {
	};
	objectVersion = 46;
	objects = {

/* Begin PBXBuildFile section */
		456222101C3B526800AB4EAF /* main.m in Sources */ = {isa = PBXBuildFile; fileRef = 4562220F1C3B526800AB4EAF /* main.m */; };
		456222131C3B526800AB4EAF /* AppDelegate.m in Sources */ = {isa = PBXBuildFile; fileRef = 456222121C3B526800AB4EAF /* AppDelegate.m */; };
		4562221E1C3B526800AB4EAF /* Assets.xcassets in Resources */ = {isa = PBXBuildFile; fileRef = 4562221D1C3B526800AB4EAF /* Assets.xcassets */; };
		4562222C1C3B526800AB4EAF /* ProjectTests.m in Sources */ = {isa = PBXBuildFile; fileRef = 4562222B1C3B526800AB4EAF /* ProjectTests.m */; };
		456222371C3B526800AB4EAF /* ProjectUITests.m in Sources */ = {isa = PBXBuildFile; fileRef = 456222361C3B526800AB4EAF /* ProjectUITests.m */; };
		457188431C3CB39C0016A819 /* libBuilds.a in Frameworks */ = {isa = PBXBuildFile; fileRef = 457188421C3CB39C0016A819 /* libBuilds.a */; };
		457188641C3CB6C90016A819 /* LaunchScreen.storyboard in Resources */ = {isa = PBXBuildFile; fileRef = 4571885D1C3CB6C90016A819 /* LaunchScreen.storyboard */; };
		457188651C3CB6C90016A819 /* Main.storyboard in Resources */ = {isa = PBXBuildFile; fileRef = 4571885F1C3CB6C90016A819 /* Main.storyboard */; };
		457188981C3CBED10016A819 /* api.json in Resources */ = {isa = PBXBuildFile; fileRef = 457188971C3CBED10016A819 /* api.json */; };
		4578C2921C3E456000968548 /* Guide.storyboard in Resources */ = {isa = PBXBuildFile; fileRef = 4578C2901C3E456000968548 /* Guide.storyboard */; };
		458885131C45DFF5002FE9FF /* Project.xcdatamodeld in Sources */ = {isa = PBXBuildFile; fileRef = 4588850C1C45DFF5002FE9FF /* Project.xcdatamodeld */; };
		458885141C45DFF5002FE9FF /* Weatherinfo+CoreDataProperties.m in Sources */ = {isa = PBXBuildFile; fileRef = 458885101C45DFF5002FE9FF /* Weatherinfo+CoreDataProperties.m */; };
		458885151C45DFF5002FE9FF /* Weatherinfo.m in Sources */ = {isa = PBXBuildFile; fileRef = 458885121C45DFF5002FE9FF /* Weatherinfo.m */; };
		458885231C45E009002FE9FF /* Api.m in Sources */ = {isa = PBXBuildFile; fileRef = 458885191C45E009002FE9FF /* Api.m */; };
		458885241C45E009002FE9FF /* Initialization.m in Sources */ = {isa = PBXBuildFile; fileRef = 4588851B1C45E009002FE9FF /* Initialization.m */; };
		458885251C45E009002FE9FF /* Settings.m in Sources */ = {isa = PBXBuildFile; fileRef = 4588851E1C45E009002FE9FF /* Settings.m */; };
		458885261C45E009002FE9FF /* UserSettings.m in Sources */ = {isa = PBXBuildFile; fileRef = 458885201C45E009002FE9FF /* UserSettings.m */; };
		4588854B1C45E091002FE9FF /* MoreModel.m in Sources */ = {isa = PBXBuildFile; fileRef = 4588854A1C45E091002FE9FF /* MoreModel.m */; };
		4588854E1C45E095002FE9FF /* WeatherModel.m in Sources */ = {isa = PBXBuildFile; fileRef = 4588854D1C45E095002FE9FF /* WeatherModel.m */; };
		458885511C45E09F002FE9FF /* GuideViewController.m in Sources */ = {isa = PBXBuildFile; fileRef = 458885501C45E09F002FE9FF /* GuideViewController.m */; };
		458885561C45E0AC002FE9FF /* CityListViewController.m in Sources */ = {isa = PBXBuildFile; fileRef = 458885531C45E0AC002FE9FF /* CityListViewController.m */; };
		458885571C45E0AC002FE9FF /* HomeViewController.m in Sources */ = {isa = PBXBuildFile; fileRef = 458885551C45E0AC002FE9FF /* HomeViewController.m */; };
		4588855A1C45E0B1002FE9FF /* MoreTableViewController.m in Sources */ = {isa = PBXBuildFile; fileRef = 458885591C45E0B1002FE9FF /* MoreTableViewController.m */; };
		458886AB1C461E8F002FE9FF /* Home.storyboard in Resources */ = {isa = PBXBuildFile; fileRef = 458886A91C461E8F002FE9FF /* Home.storyboard */; };
		458886AE1C461EA3002FE9FF /* More.storyboard in Resources */ = {isa = PBXBuildFile; fileRef = 458886AC1C461EA3002FE9FF /* More.storyboard */; };
/* End PBXBuildFile section */

/* Begin PBXContainerItemProxy section */
		456222281C3B526800AB4EAF /* PBXContainerItemProxy */ = {
			isa = PBXContainerItemProxy;
			containerPortal = 456222031C3B526800AB4EAF /* Project object */;
			proxyType = 1;
			remoteGlobalIDString = 4562220A1C3B526800AB4EAF;
			remoteInfo = Project;
		};
		456222331C3B526800AB4EAF /* PBXContainerItemProxy */ = {
			isa = PBXContainerItemProxy;
			containerPortal = 456222031C3B526800AB4EAF /* Project object */;
			proxyType = 1;
			remoteGlobalIDString = 4562220A1C3B526800AB4EAF;
			remoteInfo = Project;
		};
/* End PBXContainerItemProxy section */

/* Begin PBXFileReference section */
		4562220B1C3B526800AB4EAF /* Project.app */ = {isa = PBXFileReference; explicitFileType = wrapper.application; includeInIndex = 0; path = Project.app; sourceTree = BUILT_PRODUCTS_DIR; };
		4562220F1C3B526800AB4EAF /* main.m */ = {isa = PBXFileReference; lastKnownFileType = sourcecode.c.objc; path = main.m; sourceTree = "<group>"; };
		456222111C3B526800AB4EAF /* AppDelegate.h */ = {isa = PBXFileReference; lastKnownFileType = sourcecode.c.h; path = AppDelegate.h; sourceTree = "<group>"; };
		456222121C3B526800AB4EAF /* AppDelegate.m */ = {isa = PBXFileReference; lastKnownFileType = sourcecode.c.objc; path = AppDelegate.m; sourceTree = "<group>"; };
		4562221D1C3B526800AB4EAF /* Assets.xcassets */ = {isa = PBXFileReference; lastKnownFileType = folder.assetcatalog; path = Assets.xcassets; sourceTree = "<group>"; };
		456222221C3B526800AB4EAF /* Info.plist */ = {isa = PBXFileReference; lastKnownFileType = text.plist.xml; path = Info.plist; sourceTree = "<group>"; };
		456222271C3B526800AB4EAF /* ProjectTests.xctest */ = {isa = PBXFileReference; explicitFileType = wrapper.cfbundle; includeInIndex = 0; path = ProjectTests.xctest; sourceTree = BUILT_PRODUCTS_DIR; };
		4562222B1C3B526800AB4EAF /* ProjectTests.m */ = {isa = PBXFileReference; lastKnownFileType = sourcecode.c.objc; path = ProjectTests.m; sourceTree = "<group>"; };
		4562222D1C3B526800AB4EAF /* Info.plist */ = {isa = PBXFileReference; lastKnownFileType = text.plist.xml; path = Info.plist; sourceTree = "<group>"; };
		456222321C3B526800AB4EAF /* ProjectUITests.xctest */ = {isa = PBXFileReference; explicitFileType = wrapper.cfbundle; includeInIndex = 0; path = ProjectUITests.xctest; sourceTree = BUILT_PRODUCTS_DIR; };
		456222361C3B526800AB4EAF /* ProjectUITests.m */ = {isa = PBXFileReference; lastKnownFileType = sourcecode.c.objc; path = ProjectUITests.m; sourceTree = "<group>"; };
		456222381C3B526800AB4EAF /* Info.plist */ = {isa = PBXFileReference; lastKnownFileType = text.plist.xml; path = Info.plist; sourceTree = "<group>"; };
		457188421C3CB39C0016A819 /* libBuilds.a */ = {isa = PBXFileReference; lastKnownFileType = archive.ar; name = libBuilds.a; path = "../../Library/Developer/Xcode/DerivedData/Project-flzrtrwzpecqyqfeusndaadrmykd/Build/Products/Debug-iphoneos/libBuilds.a"; sourceTree = "<group>"; };
		4571885E1C3CB6C90016A819 /* Base */ = {isa = PBXFileReference; lastKnownFileType = file.storyboard; name = Base; path = Base.lproj/LaunchScreen.storyboard; sourceTree = "<group>"; };
		457188601C3CB6C90016A819 /* Base */ = {isa = PBXFileReference; lastKnownFileType = file.storyboard; name = Base; path = Base.lproj/Main.storyboard; sourceTree = "<group>"; };
		457188971C3CBED10016A819 /* api.json */ = {isa = PBXFileReference; fileEncoding = 4; lastKnownFileType = text.json; path = api.json; sourceTree = "<group>"; };
		4578C2911C3E456000968548 /* Base */ = {isa = PBXFileReference; lastKnownFileType = file.storyboard; name = Base; path = Base.lproj/Guide.storyboard; sourceTree = "<group>"; };
		4588850D1C45DFF5002FE9FF /* Project.xcdatamodel */ = {isa = PBXFileReference; lastKnownFileType = wrapper.xcdatamodel; path = Project.xcdatamodel; sourceTree = "<group>"; };
		4588850F1C45DFF5002FE9FF /* Weatherinfo+CoreDataProperties.h */ = {isa = PBXFileReference; fileEncoding = 4; lastKnownFileType = sourcecode.c.h; path = "Weatherinfo+CoreDataProperties.h"; sourceTree = "<group>"; };
		458885101C45DFF5002FE9FF /* Weatherinfo+CoreDataProperties.m */ = {isa = PBXFileReference; fileEncoding = 4; lastKnownFileType = sourcecode.c.objc; path = "Weatherinfo+CoreDataProperties.m"; sourceTree = "<group>"; };
		458885111C45DFF5002FE9FF /* Weatherinfo.h */ = {isa = PBXFileReference; fileEncoding = 4; lastKnownFileType = sourcecode.c.h; path = Weatherinfo.h; sourceTree = "<group>"; };
		458885121C45DFF5002FE9FF /* Weatherinfo.m */ = {isa = PBXFileReference; fileEncoding = 4; lastKnownFileType = sourcecode.c.objc; path = Weatherinfo.m; sourceTree = "<group>"; };
		458885181C45E009002FE9FF /* Api.h */ = {isa = PBXFileReference; fileEncoding = 4; lastKnownFileType = sourcecode.c.h; path = Api.h; sourceTree = "<group>"; };
		458885191C45E009002FE9FF /* Api.m */ = {isa = PBXFileReference; fileEncoding = 4; lastKnownFileType = sourcecode.c.objc; path = Api.m; sourceTree = "<group>"; };
		4588851A1C45E009002FE9FF /* Initialization.h */ = {isa = PBXFileReference; fileEncoding = 4; lastKnownFileType = sourcecode.c.h; path = Initialization.h; sourceTree = "<group>"; };
		4588851B1C45E009002FE9FF /* Initialization.m */ = {isa = PBXFileReference; fileEncoding = 4; lastKnownFileType = sourcecode.c.objc; path = Initialization.m; sourceTree = "<group>"; };
		4588851C1C45E009002FE9FF /* Interface.h */ = {isa = PBXFileReference; fileEncoding = 4; lastKnownFileType = sourcecode.c.h; path = Interface.h; sourceTree = "<group>"; };
		4588851D1C45E009002FE9FF /* Settings.h */ = {isa = PBXFileReference; fileEncoding = 4; lastKnownFileType = sourcecode.c.h; path = Settings.h; sourceTree = "<group>"; };
		4588851E1C45E009002FE9FF /* Settings.m */ = {isa = PBXFileReference; fileEncoding = 4; lastKnownFileType = sourcecode.c.objc; path = Settings.m; sourceTree = "<group>"; };
		4588851F1C45E009002FE9FF /* UserSettings.h */ = {isa = PBXFileReference; fileEncoding = 4; lastKnownFileType = sourcecode.c.h; path = UserSettings.h; sourceTree = "<group>"; };
		458885201C45E009002FE9FF /* UserSettings.m */ = {isa = PBXFileReference; fileEncoding = 4; lastKnownFileType = sourcecode.c.objc; path = UserSettings.m; sourceTree = "<group>"; };
		458885491C45E091002FE9FF /* MoreModel.h */ = {isa = PBXFileReference; fileEncoding = 4; lastKnownFileType = sourcecode.c.h; name = MoreModel.h; path = Model/MoreModel.h; sourceTree = "<group>"; };
		4588854A1C45E091002FE9FF /* MoreModel.m */ = {isa = PBXFileReference; fileEncoding = 4; lastKnownFileType = sourcecode.c.objc; name = MoreModel.m; path = Model/MoreModel.m; sourceTree = "<group>"; };
		4588854C1C45E095002FE9FF /* WeatherModel.h */ = {isa = PBXFileReference; fileEncoding = 4; lastKnownFileType = sourcecode.c.h; name = WeatherModel.h; path = Model/WeatherModel.h; sourceTree = "<group>"; };
		4588854D1C45E095002FE9FF /* WeatherModel.m */ = {isa = PBXFileReference; fileEncoding = 4; lastKnownFileType = sourcecode.c.objc; name = WeatherModel.m; path = Model/WeatherModel.m; sourceTree = "<group>"; };
		4588854F1C45E09F002FE9FF /* GuideViewController.h */ = {isa = PBXFileReference; fileEncoding = 4; lastKnownFileType = sourcecode.c.h; name = GuideViewController.h; path = ViewModel/GuideViewController.h; sourceTree = "<group>"; };
		458885501C45E09F002FE9FF /* GuideViewController.m */ = {isa = PBXFileReference; fileEncoding = 4; lastKnownFileType = sourcecode.c.objc; name = GuideViewController.m; path = ViewModel/GuideViewController.m; sourceTree = "<group>"; };
		458885521C45E0AC002FE9FF /* CityListViewController.h */ = {isa = PBXFileReference; fileEncoding = 4; lastKnownFileType = sourcecode.c.h; name = CityListViewController.h; path = ViewModel/CityListViewController.h; sourceTree = "<group>"; };
		458885531C45E0AC002FE9FF /* CityListViewController.m */ = {isa = PBXFileReference; fileEncoding = 4; lastKnownFileType = sourcecode.c.objc; name = CityListViewController.m; path = ViewModel/CityListViewController.m; sourceTree = "<group>"; };
		458885541C45E0AC002FE9FF /* HomeViewController.h */ = {isa = PBXFileReference; fileEncoding = 4; lastKnownFileType = sourcecode.c.h; name = HomeViewController.h; path = ViewModel/HomeViewController.h; sourceTree = "<group>"; };
		458885551C45E0AC002FE9FF /* HomeViewController.m */ = {isa = PBXFileReference; fileEncoding = 4; lastKnownFileType = sourcecode.c.objc; name = HomeViewController.m; path = ViewModel/HomeViewController.m; sourceTree = "<group>"; };
		458885581C45E0B1002FE9FF /* MoreTableViewController.h */ = {isa = PBXFileReference; fileEncoding = 4; lastKnownFileType = sourcecode.c.h; name = MoreTableViewController.h; path = ViewModel/MoreTableViewController.h; sourceTree = "<group>"; };
		458885591C45E0B1002FE9FF /* MoreTableViewController.m */ = {isa = PBXFileReference; fileEncoding = 4; lastKnownFileType = sourcecode.c.objc; name = MoreTableViewController.m; path = ViewModel/MoreTableViewController.m; sourceTree = "<group>"; };
		458886AA1C461E8F002FE9FF /* Base */ = {isa = PBXFileReference; lastKnownFileType = file.storyboard; name = Base; path = Base.lproj/Home.storyboard; sourceTree = "<group>"; };
		458886AD1C461EA3002FE9FF /* Base */ = {isa = PBXFileReference; lastKnownFileType = file.storyboard; name = Base; path = Base.lproj/More.storyboard; sourceTree = "<group>"; };
		708CF1CDF86297677AA1A80D /* libPods.a */ = {isa = PBXFileReference; explicitFileType = archive.ar; includeInIndex = 0; path = libPods.a; sourceTree = BUILT_PRODUCTS_DIR; };
		9446C1FCA2C1C9CA46D1BCCC /* Pods.release.xcconfig */ = {isa = PBXFileReference; includeInIndex = 1; lastKnownFileType = text.xcconfig; name = Pods.release.xcconfig; path = "Pods/Target Support Files/Pods/Pods.release.xcconfig"; sourceTree = "<group>"; };
		DBCB166DFFD241954A66C6D0 /* Pods.debug.xcconfig */ = {isa = PBXFileReference; includeInIndex = 1; lastKnownFileType = text.xcconfig; name = Pods.debug.xcconfig; path = "Pods/Target Support Files/Pods/Pods.debug.xcconfig"; sourceTree = "<group>"; };
/* End PBXFileReference section */

/* Begin PBXFrameworksBuildPhase section */
		456222081C3B526800AB4EAF /* Frameworks */ = {
			isa = PBXFrameworksBuildPhase;
			buildActionMask = 2147483647;
			files = (
				457188431C3CB39C0016A819 /* libBuilds.a in Frameworks */,
			);
			runOnlyForDeploymentPostprocessing = 0;
		};
		456222241C3B526800AB4EAF /* Frameworks */ = {
			isa = PBXFrameworksBuildPhase;
			buildActionMask = 2147483647;
			files = (
			);
			runOnlyForDeploymentPostprocessing = 0;
		};
		4562222F1C3B526800AB4EAF /* Frameworks */ = {
			isa = PBXFrameworksBuildPhase;
			buildActionMask = 2147483647;
			files = (
			);
			runOnlyForDeploymentPostprocessing = 0;
		};
/* End PBXFrameworksBuildPhase section */

/* Begin PBXGroup section */
		09BD5AF2E73DB4C900B9966D /* Pods */ = {
			isa = PBXGroup;
			children = (
				DBCB166DFFD241954A66C6D0 /* Pods.debug.xcconfig */,
				9446C1FCA2C1C9CA46D1BCCC /* Pods.release.xcconfig */,
			);
			name = Pods;
			sourceTree = "<group>";
		};
		456222021C3B526800AB4EAF = {
			isa = PBXGroup;
			children = (
				4562220D1C3B526800AB4EAF /* Project */,
				4562222A1C3B526800AB4EAF /* ProjectTests */,
				456222351C3B526800AB4EAF /* ProjectUITests */,
				4562220C1C3B526800AB4EAF /* Products */,
				09BD5AF2E73DB4C900B9966D /* Pods */,
				AA73E1476375F3D9002327B1 /* Frameworks */,
			);
			sourceTree = "<group>";
		};
		4562220C1C3B526800AB4EAF /* Products */ = {
			isa = PBXGroup;
			children = (
				4562220B1C3B526800AB4EAF /* Project.app */,
				456222271C3B526800AB4EAF /* ProjectTests.xctest */,
				456222321C3B526800AB4EAF /* ProjectUITests.xctest */,
			);
			name = Products;
			sourceTree = "<group>";
		};
		4562220D1C3B526800AB4EAF /* Project */ = {
			isa = PBXGroup;
			children = (
				456222111C3B526800AB4EAF /* AppDelegate.h */,
				456222121C3B526800AB4EAF /* AppDelegate.m */,
				4562221D1C3B526800AB4EAF /* Assets.xcassets */,
				458885271C45E02C002FE9FF /* App */,
				458885161C45E009002FE9FF /* Base */,
				457188581C3CB6C90016A819 /* Resource */,
				4562220E1C3B526800AB4EAF /* Supporting Files */,
			);
			path = Project;
			sourceTree = "<group>";
		};
		4562220E1C3B526800AB4EAF /* Supporting Files */ = {
			isa = PBXGroup;
			children = (
				456222221C3B526800AB4EAF /* Info.plist */,
				4562220F1C3B526800AB4EAF /* main.m */,
			);
			name = "Supporting Files";
			sourceTree = "<group>";
		};
		4562222A1C3B526800AB4EAF /* ProjectTests */ = {
			isa = PBXGroup;
			children = (
				4562222B1C3B526800AB4EAF /* ProjectTests.m */,
				4562222D1C3B526800AB4EAF /* Info.plist */,
			);
			path = ProjectTests;
			sourceTree = "<group>";
		};
		456222351C3B526800AB4EAF /* ProjectUITests */ = {
			isa = PBXGroup;
			children = (
				456222361C3B526800AB4EAF /* ProjectUITests.m */,
				456222381C3B526800AB4EAF /* Info.plist */,
			);
			path = ProjectUITests;
			sourceTree = "<group>";
		};
		457188581C3CB6C90016A819 /* Resource */ = {
			isa = PBXGroup;
			children = (
				4588850A1C45DFF5002FE9FF /* CoreData */,
				457188961C3CBED10016A819 /* File */,
				4571885C1C3CB6C90016A819 /* Storyboard */,
			);
			path = Resource;
			sourceTree = "<group>";
		};
		4571885C1C3CB6C90016A819 /* Storyboard */ = {
			isa = PBXGroup;
			children = (
				4578C2901C3E456000968548 /* Guide.storyboard */,
				458886A91C461E8F002FE9FF /* Home.storyboard */,
				4571885D1C3CB6C90016A819 /* LaunchScreen.storyboard */,
				4571885F1C3CB6C90016A819 /* Main.storyboard */,
				458886AC1C461EA3002FE9FF /* More.storyboard */,
			);
			path = Storyboard;
			sourceTree = "<group>";
		};
		457188961C3CBED10016A819 /* File */ = {
			isa = PBXGroup;
			children = (
				457188971C3CBED10016A819 /* api.json */,
			);
			path = File;
			sourceTree = "<group>";
		};
		4588850A1C45DFF5002FE9FF /* CoreData */ = {
			isa = PBXGroup;
			children = (
				4588850B1C45DFF5002FE9FF /* DataModel */,
				4588850E1C45DFF5002FE9FF /* ManagedObject */,
			);
			path = CoreData;
			sourceTree = "<group>";
		};
		4588850B1C45DFF5002FE9FF /* DataModel */ = {
			isa = PBXGroup;
			children = (
				4588850C1C45DFF5002FE9FF /* Project.xcdatamodeld */,
			);
			path = DataModel;
			sourceTree = "<group>";
		};
		4588850E1C45DFF5002FE9FF /* ManagedObject */ = {
			isa = PBXGroup;
			children = (
				4588850F1C45DFF5002FE9FF /* Weatherinfo+CoreDataProperties.h */,
				458885101C45DFF5002FE9FF /* Weatherinfo+CoreDataProperties.m */,
				458885111C45DFF5002FE9FF /* Weatherinfo.h */,
				458885121C45DFF5002FE9FF /* Weatherinfo.m */,
			);
			path = ManagedObject;
			sourceTree = "<group>";
		};
		458885161C45E009002FE9FF /* Base */ = {
			isa = PBXGroup;
			children = (
				458885171C45E009002FE9FF /* Model */,
				458885211C45E009002FE9FF /* View */,
				458885221C45E009002FE9FF /* ViewModel */,
			);
			path = Base;
			sourceTree = "<group>";
		};
		458885171C45E009002FE9FF /* Model */ = {
			isa = PBXGroup;
			children = (
				458885181C45E009002FE9FF /* Api.h */,
				458885191C45E009002FE9FF /* Api.m */,
				4588851A1C45E009002FE9FF /* Initialization.h */,
				4588851B1C45E009002FE9FF /* Initialization.m */,
				4588851C1C45E009002FE9FF /* Interface.h */,
				4588851D1C45E009002FE9FF /* Settings.h */,
				4588851E1C45E009002FE9FF /* Settings.m */,
				4588851F1C45E009002FE9FF /* UserSettings.h */,
				458885201C45E009002FE9FF /* UserSettings.m */,
			);
			path = Model;
			sourceTree = "<group>";
		};
		458885211C45E009002FE9FF /* View */ = {
			isa = PBXGroup;
			children = (
			);
			path = View;
			sourceTree = "<group>";
		};
		458885221C45E009002FE9FF /* ViewModel */ = {
			isa = PBXGroup;
			children = (
			);
			path = ViewModel;
			sourceTree = "<group>";
		};
		458885271C45E02C002FE9FF /* App */ = {
			isa = PBXGroup;
			children = (
				4588853F1C45E03D002FE9FF /* Guide */,
				4588853E1C45E039002FE9FF /* Home */,
				4588853D1C45E035002FE9FF /* More */,
			);
			path = App;
			sourceTree = "<group>";
		};
		4588853D1C45E035002FE9FF /* More */ = {
			isa = PBXGroup;
			children = (
				458885421C45E04B002FE9FF /* Model */,
				458885411C45E048002FE9FF /* View */,
				458885401C45E043002FE9FF /* ViewModel */,
			);
			name = More;
			sourceTree = "<group>";
		};
		4588853E1C45E039002FE9FF /* Home */ = {
			isa = PBXGroup;
			children = (
				458885451C45E05A002FE9FF /* Model */,
				458885441C45E056002FE9FF /* View */,
				458885431C45E04F002FE9FF /* ViewModel */,
			);
			name = Home;
			sourceTree = "<group>";
		};
		4588853F1C45E03D002FE9FF /* Guide */ = {
			isa = PBXGroup;
			children = (
				458885481C45E069002FE9FF /* Model */,
				458885471C45E065002FE9FF /* View */,
				458885461C45E060002FE9FF /* ViewModel */,
			);
			name = Guide;
			sourceTree = "<group>";
		};
		458885401C45E043002FE9FF /* ViewModel */ = {
			isa = PBXGroup;
			children = (
				458885581C45E0B1002FE9FF /* MoreTableViewController.h */,
				458885591C45E0B1002FE9FF /* MoreTableViewController.m */,
			);
			name = ViewModel;
			sourceTree = "<group>";
		};
		458885411C45E048002FE9FF /* View */ = {
			isa = PBXGroup;
			children = (
			);
			name = View;
			sourceTree = "<group>";
		};
		458885421C45E04B002FE9FF /* Model */ = {
			isa = PBXGroup;
			children = (
				458885491C45E091002FE9FF /* MoreModel.h */,
				4588854A1C45E091002FE9FF /* MoreModel.m */,
			);
			name = Model;
			sourceTree = "<group>";
		};
		458885431C45E04F002FE9FF /* ViewModel */ = {
			isa = PBXGroup;
			children = (
				458885521C45E0AC002FE9FF /* CityListViewController.h */,
				458885531C45E0AC002FE9FF /* CityListViewController.m */,
				458885541C45E0AC002FE9FF /* HomeViewController.h */,
				458885551C45E0AC002FE9FF /* HomeViewController.m */,
			);
			name = ViewModel;
			sourceTree = "<group>";
		};
		458885441C45E056002FE9FF /* View */ = {
			isa = PBXGroup;
			children = (
			);
			name = View;
			sourceTree = "<group>";
		};
		458885451C45E05A002FE9FF /* Model */ = {
			isa = PBXGroup;
			children = (
				4588854C1C45E095002FE9FF /* WeatherModel.h */,
				4588854D1C45E095002FE9FF /* WeatherModel.m */,
			);
			name = Model;
			sourceTree = "<group>";
		};
		458885461C45E060002FE9FF /* ViewModel */ = {
			isa = PBXGroup;
			children = (
				4588854F1C45E09F002FE9FF /* GuideViewController.h */,
				458885501C45E09F002FE9FF /* GuideViewController.m */,
			);
			name = ViewModel;
			sourceTree = "<group>";
		};
		458885471C45E065002FE9FF /* View */ = {
			isa = PBXGroup;
			children = (
			);
			name = View;
			sourceTree = "<group>";
		};
		458885481C45E069002FE9FF /* Model */ = {
			isa = PBXGroup;
			children = (
			);
			name = Model;
			sourceTree = "<group>";
		};
		AA73E1476375F3D9002327B1 /* Frameworks */ = {
			isa = PBXGroup;
			children = (
				457188421C3CB39C0016A819 /* libBuilds.a */,
				708CF1CDF86297677AA1A80D /* libPods.a */,
			);
			name = Frameworks;
			sourceTree = "<group>";
		};
/* End PBXGroup section */

/* Begin PBXNativeTarget section */
		4562220A1C3B526800AB4EAF /* Project */ = {
			isa = PBXNativeTarget;
			buildConfigurationList = 4562223B1C3B526800AB4EAF /* Build configuration list for PBXNativeTarget "Project" */;
			buildPhases = (
				C507F740E6088B9978C7D13B /* Check Pods Manifest.lock */,
				456222071C3B526800AB4EAF /* Sources */,
				456222081C3B526800AB4EAF /* Frameworks */,
				456222091C3B526800AB4EAF /* Resources */,
				F4AB99862484B334B1171373 /* Embed Pods Frameworks */,
				7A43C410AE1B07CF8B57EE68 /* Copy Pods Resources */,
			);
			buildRules = (
			);
			dependencies = (
			);
			name = Project;
			productName = Project;
			productReference = 4562220B1C3B526800AB4EAF /* Project.app */;
			productType = "com.apple.product-type.application";
		};
		456222261C3B526800AB4EAF /* ProjectTests */ = {
			isa = PBXNativeTarget;
			buildConfigurationList = 4562223E1C3B526800AB4EAF /* Build configuration list for PBXNativeTarget "ProjectTests" */;
			buildPhases = (
				456222231C3B526800AB4EAF /* Sources */,
				456222241C3B526800AB4EAF /* Frameworks */,
				456222251C3B526800AB4EAF /* Resources */,
			);
			buildRules = (
			);
			dependencies = (
				456222291C3B526800AB4EAF /* PBXTargetDependency */,
			);
			name = ProjectTests;
			productName = ProjectTests;
			productReference = 456222271C3B526800AB4EAF /* ProjectTests.xctest */;
			productType = "com.apple.product-type.bundle.unit-test";
		};
		456222311C3B526800AB4EAF /* ProjectUITests */ = {
			isa = PBXNativeTarget;
			buildConfigurationList = 456222411C3B526800AB4EAF /* Build configuration list for PBXNativeTarget "ProjectUITests" */;
			buildPhases = (
				4562222E1C3B526800AB4EAF /* Sources */,
				4562222F1C3B526800AB4EAF /* Frameworks */,
				456222301C3B526800AB4EAF /* Resources */,
			);
			buildRules = (
			);
			dependencies = (
				456222341C3B526800AB4EAF /* PBXTargetDependency */,
			);
			name = ProjectUITests;
			productName = ProjectUITests;
			productReference = 456222321C3B526800AB4EAF /* ProjectUITests.xctest */;
			productType = "com.apple.product-type.bundle.ui-testing";
		};
/* End PBXNativeTarget section */

/* Begin PBXProject section */
		456222031C3B526800AB4EAF /* Project object */ = {
			isa = PBXProject;
			attributes = {
				LastUpgradeCheck = 0710;
				ORGANIZATIONNAME = "PF-Lib";
				TargetAttributes = {
					4562220A1C3B526800AB4EAF = {
						CreatedOnToolsVersion = 7.1;
					};
					456222261C3B526800AB4EAF = {
						CreatedOnToolsVersion = 7.1;
						TestTargetID = 4562220A1C3B526800AB4EAF;
					};
					456222311C3B526800AB4EAF = {
						CreatedOnToolsVersion = 7.1;
						TestTargetID = 4562220A1C3B526800AB4EAF;
					};
				};
			};
			buildConfigurationList = 456222061C3B526800AB4EAF /* Build configuration list for PBXProject "Project" */;
			compatibilityVersion = "Xcode 3.2";
			developmentRegion = English;
			hasScannedForEncodings = 0;
			knownRegions = (
				en,
				Base,
			);
			mainGroup = 456222021C3B526800AB4EAF;
			productRefGroup = 4562220C1C3B526800AB4EAF /* Products */;
			projectDirPath = "";
			projectRoot = "";
			targets = (
				4562220A1C3B526800AB4EAF /* Project */,
				456222261C3B526800AB4EAF /* ProjectTests */,
				456222311C3B526800AB4EAF /* ProjectUITests */,
			);
		};
/* End PBXProject section */

/* Begin PBXResourcesBuildPhase section */
		456222091C3B526800AB4EAF /* Resources */ = {
			isa = PBXResourcesBuildPhase;
			buildActionMask = 2147483647;
			files = (
				4578C2921C3E456000968548 /* Guide.storyboard in Resources */,
				457188651C3CB6C90016A819 /* Main.storyboard in Resources */,
				458886AE1C461EA3002FE9FF /* More.storyboard in Resources */,
				4562221E1C3B526800AB4EAF /* Assets.xcassets in Resources */,
				458886AB1C461E8F002FE9FF /* Home.storyboard in Resources */,
				457188981C3CBED10016A819 /* api.json in Resources */,
				457188641C3CB6C90016A819 /* LaunchScreen.storyboard in Resources */,
			);
			runOnlyForDeploymentPostprocessing = 0;
		};
		456222251C3B526800AB4EAF /* Resources */ = {
			isa = PBXResourcesBuildPhase;
			buildActionMask = 2147483647;
			files = (
			);
			runOnlyForDeploymentPostprocessing = 0;
		};
		456222301C3B526800AB4EAF /* Resources */ = {
			isa = PBXResourcesBuildPhase;
			buildActionMask = 2147483647;
			files = (
			);
			runOnlyForDeploymentPostprocessing = 0;
		};
/* End PBXResourcesBuildPhase section */

/* Begin PBXShellScriptBuildPhase section */
		7A43C410AE1B07CF8B57EE68 /* Copy Pods Resources */ = {
			isa = PBXShellScriptBuildPhase;
			buildActionMask = 2147483647;
			files = (
			);
			inputPaths = (
			);
			name = "Copy Pods Resources";
			outputPaths = (
			);
			runOnlyForDeploymentPostprocessing = 0;
			shellPath = /bin/sh;
			shellScript = "\"${SRCROOT}/Pods/Target Support Files/Pods/Pods-resources.sh\"\n";
			showEnvVarsInLog = 0;
		};
		C507F740E6088B9978C7D13B /* Check Pods Manifest.lock */ = {
			isa = PBXShellScriptBuildPhase;
			buildActionMask = 2147483647;
			files = (
			);
			inputPaths = (
			);
			name = "Check Pods Manifest.lock";
			outputPaths = (
			);
			runOnlyForDeploymentPostprocessing = 0;
			shellPath = /bin/sh;
			shellScript = "diff \"${PODS_ROOT}/../Podfile.lock\" \"${PODS_ROOT}/Manifest.lock\" > /dev/null\nif [[ $? != 0 ]] ; then\n    cat << EOM\nerror: The sandbox is not in sync with the Podfile.lock. Run 'pod install' or update your CocoaPods installation.\nEOM\n    exit 1\nfi\n";
			showEnvVarsInLog = 0;
		};
		F4AB99862484B334B1171373 /* Embed Pods Frameworks */ = {
			isa = PBXShellScriptBuildPhase;
			buildActionMask = 2147483647;
			files = (
			);
			inputPaths = (
			);
			name = "Embed Pods Frameworks";
			outputPaths = (
			);
			runOnlyForDeploymentPostprocessing = 0;
			shellPath = /bin/sh;
			shellScript = "\"${SRCROOT}/Pods/Target Support Files/Pods/Pods-frameworks.sh\"\n";
			showEnvVarsInLog = 0;
		};
/* End PBXShellScriptBuildPhase section */

/* Begin PBXSourcesBuildPhase section */
		456222071C3B526800AB4EAF /* Sources */ = {
			isa = PBXSourcesBuildPhase;
			buildActionMask = 2147483647;
			files = (
				458885151C45DFF5002FE9FF /* Weatherinfo.m in Sources */,
				458885141C45DFF5002FE9FF /* Weatherinfo+CoreDataProperties.m in Sources */,
				456222131C3B526800AB4EAF /* AppDelegate.m in Sources */,
				458885131C45DFF5002FE9FF /* Project.xcdatamodeld in Sources */,
				458885561C45E0AC002FE9FF /* CityListViewController.m in Sources */,
				458885571C45E0AC002FE9FF /* HomeViewController.m in Sources */,
				458885261C45E009002FE9FF /* UserSettings.m in Sources */,
				458885511C45E09F002FE9FF /* GuideViewController.m in Sources */,
				458885251C45E009002FE9FF /* Settings.m in Sources */,
				458885231C45E009002FE9FF /* Api.m in Sources */,
				4588855A1C45E0B1002FE9FF /* MoreTableViewController.m in Sources */,
				456222101C3B526800AB4EAF /* main.m in Sources */,
				4588854E1C45E095002FE9FF /* WeatherModel.m in Sources */,
				4588854B1C45E091002FE9FF /* MoreModel.m in Sources */,
				458885241C45E009002FE9FF /* Initialization.m in Sources */,
			);
			runOnlyForDeploymentPostprocessing = 0;
		};
		456222231C3B526800AB4EAF /* Sources */ = {
			isa = PBXSourcesBuildPhase;
			buildActionMask = 2147483647;
			files = (
				4562222C1C3B526800AB4EAF /* ProjectTests.m in Sources */,
			);
			runOnlyForDeploymentPostprocessing = 0;
		};
		4562222E1C3B526800AB4EAF /* Sources */ = {
			isa = PBXSourcesBuildPhase;
			buildActionMask = 2147483647;
			files = (
				456222371C3B526800AB4EAF /* ProjectUITests.m in Sources */,
			);
			runOnlyForDeploymentPostprocessing = 0;
		};
/* End PBXSourcesBuildPhase section */

/* Begin PBXTargetDependency section */
		456222291C3B526800AB4EAF /* PBXTargetDependency */ = {
			isa = PBXTargetDependency;
			target = 4562220A1C3B526800AB4EAF /* Project */;
			targetProxy = 456222281C3B526800AB4EAF /* PBXContainerItemProxy */;
		};
		456222341C3B526800AB4EAF /* PBXTargetDependency */ = {
			isa = PBXTargetDependency;
			target = 4562220A1C3B526800AB4EAF /* Project */;
			targetProxy = 456222331C3B526800AB4EAF /* PBXContainerItemProxy */;
		};
/* End PBXTargetDependency section */

/* Begin PBXVariantGroup section */
		4571885D1C3CB6C90016A819 /* LaunchScreen.storyboard */ = {
			isa = PBXVariantGroup;
			children = (
				4571885E1C3CB6C90016A819 /* Base */,
			);
			name = LaunchScreen.storyboard;
			sourceTree = "<group>";
		};
		4571885F1C3CB6C90016A819 /* Main.storyboard */ = {
			isa = PBXVariantGroup;
			children = (
				457188601C3CB6C90016A819 /* Base */,
			);
			name = Main.storyboard;
			sourceTree = "<group>";
		};
		4578C2901C3E456000968548 /* Guide.storyboard */ = {
			isa = PBXVariantGroup;
			children = (
				4578C2911C3E456000968548 /* Base */,
			);
			name = Guide.storyboard;
			sourceTree = "<group>";
		};
		458886A91C461E8F002FE9FF /* Home.storyboard */ = {
			isa = PBXVariantGroup;
			children = (
				458886AA1C461E8F002FE9FF /* Base */,
			);
			name = Home.storyboard;
			sourceTree = "<group>";
		};
		458886AC1C461EA3002FE9FF /* More.storyboard */ = {
			isa = PBXVariantGroup;
			children = (
				458886AD1C461EA3002FE9FF /* Base */,
			);
			name = More.storyboard;
			sourceTree = "<group>";
		};
/* End PBXVariantGroup section */

/* Begin XCBuildConfiguration section */
		456222391C3B526800AB4EAF /* Debug */ = {
			isa = XCBuildConfiguration;
			buildSettings = {
				ALWAYS_SEARCH_USER_PATHS = NO;
				CLANG_CXX_LANGUAGE_STANDARD = "gnu++0x";
				CLANG_CXX_LIBRARY = "libc++";
				CLANG_ENABLE_MODULES = YES;
				CLANG_ENABLE_OBJC_ARC = YES;
				CLANG_WARN_BOOL_CONVERSION = YES;
				CLANG_WARN_CONSTANT_CONVERSION = YES;
				CLANG_WARN_DIRECT_OBJC_ISA_USAGE = YES_ERROR;
				CLANG_WARN_EMPTY_BODY = YES;
				CLANG_WARN_ENUM_CONVERSION = YES;
				CLANG_WARN_INT_CONVERSION = YES;
				CLANG_WARN_OBJC_ROOT_CLASS = YES_ERROR;
				CLANG_WARN_UNREACHABLE_CODE = YES;
				CLANG_WARN__DUPLICATE_METHOD_MATCH = YES;
				"CODE_SIGN_IDENTITY[sdk=iphoneos*]" = "iPhone Developer";
				COPY_PHASE_STRIP = NO;
				DEBUG_INFORMATION_FORMAT = dwarf;
				ENABLE_STRICT_OBJC_MSGSEND = YES;
				ENABLE_TESTABILITY = YES;
				GCC_C_LANGUAGE_STANDARD = gnu99;
				GCC_DYNAMIC_NO_PIC = NO;
				GCC_NO_COMMON_BLOCKS = YES;
				GCC_OPTIMIZATION_LEVEL = 0;
				GCC_PREPROCESSOR_DEFINITIONS = (
					"DEBUG=1",
					"$(inherited)",
				);
				GCC_WARN_64_TO_32_BIT_CONVERSION = YES;
				GCC_WARN_ABOUT_RETURN_TYPE = YES_ERROR;
				GCC_WARN_UNDECLARED_SELECTOR = YES;
				GCC_WARN_UNINITIALIZED_AUTOS = YES_AGGRESSIVE;
				GCC_WARN_UNUSED_FUNCTION = YES;
				GCC_WARN_UNUSED_VARIABLE = YES;
				IPHONEOS_DEPLOYMENT_TARGET = 7.0;
				MTL_ENABLE_DEBUG_INFO = YES;
				ONLY_ACTIVE_ARCH = YES;
				SDKROOT = iphoneos;
			};
			name = Debug;
		};
		4562223A1C3B526800AB4EAF /* Release */ = {
			isa = XCBuildConfiguration;
			buildSettings = {
				ALWAYS_SEARCH_USER_PATHS = NO;
				CLANG_CXX_LANGUAGE_STANDARD = "gnu++0x";
				CLANG_CXX_LIBRARY = "libc++";
				CLANG_ENABLE_MODULES = YES;
				CLANG_ENABLE_OBJC_ARC = YES;
				CLANG_WARN_BOOL_CONVERSION = YES;
				CLANG_WARN_CONSTANT_CONVERSION = YES;
				CLANG_WARN_DIRECT_OBJC_ISA_USAGE = YES_ERROR;
				CLANG_WARN_EMPTY_BODY = YES;
				CLANG_WARN_ENUM_CONVERSION = YES;
				CLANG_WARN_INT_CONVERSION = YES;
				CLANG_WARN_OBJC_ROOT_CLASS = YES_ERROR;
				CLANG_WARN_UNREACHABLE_CODE = YES;
				CLANG_WARN__DUPLICATE_METHOD_MATCH = YES;
				"CODE_SIGN_IDENTITY[sdk=iphoneos*]" = "iPhone Developer";
				COPY_PHASE_STRIP = NO;
				DEBUG_INFORMATION_FORMAT = "dwarf-with-dsym";
				ENABLE_NS_ASSERTIONS = NO;
				ENABLE_STRICT_OBJC_MSGSEND = YES;
				GCC_C_LANGUAGE_STANDARD = gnu99;
				GCC_NO_COMMON_BLOCKS = YES;
				GCC_WARN_64_TO_32_BIT_CONVERSION = YES;
				GCC_WARN_ABOUT_RETURN_TYPE = YES_ERROR;
				GCC_WARN_UNDECLARED_SELECTOR = YES;
				GCC_WARN_UNINITIALIZED_AUTOS = YES_AGGRESSIVE;
				GCC_WARN_UNUSED_FUNCTION = YES;
				GCC_WARN_UNUSED_VARIABLE = YES;
				IPHONEOS_DEPLOYMENT_TARGET = 7.0;
				MTL_ENABLE_DEBUG_INFO = NO;
				SDKROOT = iphoneos;
				VALIDATE_PRODUCT = YES;
			};
			name = Release;
		};
		4562223C1C3B526800AB4EAF /* Debug */ = {
			isa = XCBuildConfiguration;
			baseConfigurationReference = DBCB166DFFD241954A66C6D0 /* Pods.debug.xcconfig */;
			buildSettings = {
				ASSETCATALOG_COMPILER_APPICON_NAME = AppIcon;
				BUILDS_ROOT = "${SRCROOT}/Builds";
				HEADER_SEARCH_PATHS = (
					"$(inherited)",
					"\"${PODS_ROOT}/Headers/Public\"",
					"\"${PODS_ROOT}/Headers/Public/AFNetworking\"",
					"\"${PODS_ROOT}/Headers/Public/PFObjC\"",
					"\"${PODS_ROOT}/Headers/Public/SVProgressHUD\"",
					"\"${BUILDS_ROOT}/Framework/**\"",
				);
				INFOPLIST_FILE = Project/Info.plist;
				IPHONEOS_DEPLOYMENT_TARGET = 7.0;
				LD_RUNPATH_SEARCH_PATHS = "$(inherited) @executable_path/Frameworks";
				PRODUCT_BUNDLE_IDENTIFIER = "com.PF-Lib.Project";
				PRODUCT_NAME = "$(TARGET_NAME)";
			};
			name = Debug;
		};
		4562223D1C3B526800AB4EAF /* Release */ = {
			isa = XCBuildConfiguration;
			baseConfigurationReference = 9446C1FCA2C1C9CA46D1BCCC /* Pods.release.xcconfig */;
			buildSettings = {
				ASSETCATALOG_COMPILER_APPICON_NAME = AppIcon;
				BUILDS_ROOT = "${SRCROOT}/Builds";
				HEADER_SEARCH_PATHS = (
					"$(inherited)",
					"\"${PODS_ROOT}/Headers/Public\"",
					"\"${PODS_ROOT}/Headers/Public/AFNetworking\"",
					"\"${PODS_ROOT}/Headers/Public/PFObjC\"",
					"\"${PODS_ROOT}/Headers/Public/SVProgressHUD\"",
					"\"${BUILDS_ROOT}/Framework/**\"",
				);
				INFOPLIST_FILE = Project/Info.plist;
				IPHONEOS_DEPLOYMENT_TARGET = 7.0;
				LD_RUNPATH_SEARCH_PATHS = "$(inherited) @executable_path/Frameworks";
				PRODUCT_BUNDLE_IDENTIFIER = "com.PF-Lib.Project";
				PRODUCT_NAME = "$(TARGET_NAME)";
			};
			name = Release;
		};
		4562223F1C3B526800AB4EAF /* Debug */ = {
			isa = XCBuildConfiguration;
			buildSettings = {
				BUNDLE_LOADER = "$(TEST_HOST)";
				INFOPLIST_FILE = ProjectTests/Info.plist;
				LD_RUNPATH_SEARCH_PATHS = "$(inherited) @executable_path/Frameworks @loader_path/Frameworks";
				PRODUCT_BUNDLE_IDENTIFIER = "com.PF-Lib.ProjectTests";
				PRODUCT_NAME = "$(TARGET_NAME)";
				TEST_HOST = "$(BUILT_PRODUCTS_DIR)/Project.app/Project";
			};
			name = Debug;
		};
		456222401C3B526800AB4EAF /* Release */ = {
			isa = XCBuildConfiguration;
			buildSettings = {
				BUNDLE_LOADER = "$(TEST_HOST)";
				INFOPLIST_FILE = ProjectTests/Info.plist;
				LD_RUNPATH_SEARCH_PATHS = "$(inherited) @executable_path/Frameworks @loader_path/Frameworks";
				PRODUCT_BUNDLE_IDENTIFIER = "com.PF-Lib.ProjectTests";
				PRODUCT_NAME = "$(TARGET_NAME)";
				TEST_HOST = "$(BUILT_PRODUCTS_DIR)/Project.app/Project";
			};
			name = Release;
		};
		456222421C3B526800AB4EAF /* Debug */ = {
			isa = XCBuildConfiguration;
			buildSettings = {
				INFOPLIST_FILE = ProjectUITests/Info.plist;
				LD_RUNPATH_SEARCH_PATHS = "$(inherited) @executable_path/Frameworks @loader_path/Frameworks";
				PRODUCT_BUNDLE_IDENTIFIER = "com.PF-Lib.ProjectUITests";
				PRODUCT_NAME = "$(TARGET_NAME)";
				TEST_TARGET_NAME = Project;
				USES_XCTRUNNER = YES;
			};
			name = Debug;
		};
		456222431C3B526800AB4EAF /* Release */ = {
			isa = XCBuildConfiguration;
			buildSettings = {
				INFOPLIST_FILE = ProjectUITests/Info.plist;
				LD_RUNPATH_SEARCH_PATHS = "$(inherited) @executable_path/Frameworks @loader_path/Frameworks";
				PRODUCT_BUNDLE_IDENTIFIER = "com.PF-Lib.ProjectUITests";
				PRODUCT_NAME = "$(TARGET_NAME)";
				TEST_TARGET_NAME = Project;
				USES_XCTRUNNER = YES;
			};
			name = Release;
		};
/* End XCBuildConfiguration section */

/* Begin XCConfigurationList section */
		456222061C3B526800AB4EAF /* Build configuration list for PBXProject "Project" */ = {
			isa = XCConfigurationList;
			buildConfigurations = (
				456222391C3B526800AB4EAF /* Debug */,
				4562223A1C3B526800AB4EAF /* Release */,
			);
			defaultConfigurationIsVisible = 0;
			defaultConfigurationName = Release;
		};
		4562223B1C3B526800AB4EAF /* Build configuration list for PBXNativeTarget "Project" */ = {
			isa = XCConfigurationList;
			buildConfigurations = (
				4562223C1C3B526800AB4EAF /* Debug */,
				4562223D1C3B526800AB4EAF /* Release */,
			);
			defaultConfigurationIsVisible = 0;
			defaultConfigurationName = Release;
		};
		4562223E1C3B526800AB4EAF /* Build configuration list for PBXNativeTarget "ProjectTests" */ = {
			isa = XCConfigurationList;
			buildConfigurations = (
				4562223F1C3B526800AB4EAF /* Debug */,
				456222401C3B526800AB4EAF /* Release */,
			);
			defaultConfigurationIsVisible = 0;
			defaultConfigurationName = Release;
		};
		456222411C3B526800AB4EAF /* Build configuration list for PBXNativeTarget "ProjectUITests" */ = {
			isa = XCConfigurationList;
			buildConfigurations = (
				456222421C3B526800AB4EAF /* Debug */,
				456222431C3B526800AB4EAF /* Release */,
			);
			defaultConfigurationIsVisible = 0;
			defaultConfigurationName = Release;
		};
/* End XCConfigurationList section */

/* Begin XCVersionGroup section */
		4588850C1C45DFF5002FE9FF /* Project.xcdatamodeld */ = {
			isa = XCVersionGroup;
			children = (
				4588850D1C45DFF5002FE9FF /* Project.xcdatamodel */,
			);
			currentVersion = 4588850D1C45DFF5002FE9FF /* Project.xcdatamodel */;
			path = Project.xcdatamodeld;
			sourceTree = "<group>";
			versionGroupType = wrapper.xcdatamodel;
		};
/* End XCVersionGroup section */
	};
	rootObject = 456222031C3B526800AB4EAF /* Project object */;
}
